Microsoft Visual Studio Solution File, Format Version 11.00
# Visual Studio 2008

Project("{10592D3D-C72E-040A-6F3E-3548EE9D76CD}") = "StaffRunner", "Assembly-CSharp-firstpass.csproj", "{0C708378-0ACA-6A97-7F6F-CE5695F49685}"
EndProject
Project("{10592D3D-C72E-040A-6F3E-3548EE9D76CD}") = "StaffRunner", "Assembly-CSharp.csproj", "{40F9C0D9-C047-79E9-E6DA-60CFB0293565}"
EndProject
Project("{10592D3D-C72E-040A-6F3E-3548EE9D76CD}") = "StaffRunner", "Assembly-CSharp-Editor.csproj", "{2C8E5B87-D6FF-4DD5-EF82-2264B51FCB47}"
EndProject
Project("{10592D3D-C72E-040A-6F3E-3548EE9D76CD}") = "StaffRunner", "Assembly-UnityScript-firstpass.unityproj", "{A948E5C8-45C7-009B-C23C-5D9B25829E7F}"
EndProject
Global
	GlobalSection(SolutionConfigurationPlatforms) = preSolution
		Debug|Any CPU = Debug|Any CPU
		Release|Any CPU = Release|Any CPU
	EndGlobalSection
	GlobalSection(ProjectConfigurationPlatforms) = postSolution
		{0C708378-0ACA-6A97-7F6F-CE5695F49685}.Debug|Any CPU.ActiveCfg = Debug|Any CPU
		{0C708378-0ACA-6A97-7F6F-CE5695F49685}.Debug|Any CPU.Build.0 = Debug|Any CPU
		{0C708378-0ACA-6A97-7F6F-CE5695F49685}.Release|Any CPU.ActiveCfg = Release|Any CPU
		{0C708378-0ACA-6A97-7F6F-CE5695F49685}.Release|Any CPU.Build.0 = Release|Any CPU
		{40F9C0D9-C047-79E9-E6DA-60CFB0293565}.Debug|Any CPU.ActiveCfg = Debug|Any CPU
		{40F9C0D9-C047-79E9-E6DA-60CFB0293565}.Debug|Any CPU.Build.0 = Debug|Any CPU
		{40F9C0D9-C047-79E9-E6DA-60CFB0293565}.Release|Any CPU.ActiveCfg = Release|Any CPU
		{40F9C0D9-C047-79E9-E6DA-60CFB0293565}.Release|Any CPU.Build.0 = Release|Any CPU
		{2C8E5B87-D6FF-4DD5-EF82-2264B51FCB47}.Debug|Any CPU.ActiveCfg = Debug|Any CPU
		{2C8E5B87-D6FF-4DD5-EF82-2264B51FCB47}.Debug|Any CPU.Build.0 = Debug|Any CPU
		{2C8E5B87-D6FF-4DD5-EF82-2264B51FCB47}.Release|Any CPU.ActiveCfg = Release|Any CPU
		{2C8E5B87-D6FF-4DD5-EF82-2264B51FCB47}.Release|Any CPU.Build.0 = Release|Any CPU
		{A948E5C8-45C7-009B-C23C-5D9B25829E7F}.Debug|Any CPU.ActiveCfg = Debug|Any CPU
		{A948E5C8-45C7-009B-C23C-5D9B25829E7F}.Debug|Any CPU.Build.0 = Debug|Any CPU
		{A948E5C8-45C7-009B-C23C-5D9B25829E7F}.Release|Any CPU.ActiveCfg = Release|Any CPU
		{A948E5C8-45C7-009B-C23C-5D9B25829E7F}.Release|Any CPU.Build.0 = Release|Any CPU
	EndGlobalSection
	GlobalSection(SolutionProperties) = preSolution
		HideSolutionNode = FALSE
	EndGlobalSection
																																																																																																																							GlobalSection(MonoDevelopProperties) = preSolution
		StartupItem = Assembly-CSharp.csproj
		Policies = $0
		$0.TextStylePolicy = $1
		$1.inheritsSet = null
		$1.scope = text/x-csharp
		$0.CSharpFormattingPolicy = $2
		$2.inheritsSet = Mono
		$2.inheritsScope = text/x-csharp
		$2.scope = text/x-csharp
		$0.TextStylePolicy = $3
		$3.FileWidth = 120
		$3.TabWidth = 4
		$3.IndentWidth = 4
		$3.EolMarker = Unix
		$3.inheritsSet = Mono
		$3.inheritsScope = text/plain
		$3.scope = text/plain
	EndGlobalSection

EndGlobal
